// !$*UTF8*$!
{
	archiveVersion = 1;
	classes = {
	};
	objectVersion = 50;
	objects = {

/* Begin PBXBuildFile section */
		1DFA3C96245F673700F15F0A /* AppDelegate.swift in Sources */ = {isa = PBXBuildFile; fileRef = 1DFA3C95245F673700F15F0A /* AppDelegate.swift */; };
		1DFA3C98245F673700F15F0A /* SceneDelegate.swift in Sources */ = {isa = PBXBuildFile; fileRef = 1DFA3C97245F673700F15F0A /* SceneDelegate.swift */; };
		1DFA3C9A245F673700F15F0A /* ViewController.swift in Sources */ = {isa = PBXBuildFile; fileRef = 1DFA3C99245F673700F15F0A /* ViewController.swift */; };
		1DFA3C9D245F673700F15F0A /* Main.storyboard in Resources */ = {isa = PBXBuildFile; fileRef = 1DFA3C9B245F673700F15F0A /* Main.storyboard */; };
		1DFA3C9F245F673900F15F0A /* Assets.xcassets in Resources */ = {isa = PBXBuildFile; fileRef = 1DFA3C9E245F673900F15F0A /* Assets.xcassets */; };
		1DFA3CA2245F673900F15F0A /* LaunchScreen.storyboard in Resources */ = {isa = PBXBuildFile; fileRef = 1DFA3CA0245F673900F15F0A /* LaunchScreen.storyboard */; };
		1DFA3CAD245F673900F15F0A /* HashMapKataTests.swift in Sources */ = {isa = PBXBuildFile; fileRef = 1DFA3CAC245F673900F15F0A /* HashMapKataTests.swift */; };
/* End PBXBuildFile section */

/* Begin PBXContainerItemProxy section */
		1DFA3CA9245F673900F15F0A /* PBXContainerItemProxy */ = {
			isa = PBXContainerItemProxy;
			containerPortal = 1DFA3C8A245F673700F15F0A /* Project object */;
			proxyType = 1;
			remoteGlobalIDString = 1DFA3C91245F673700F15F0A;
			remoteInfo = HashMapKata;
		};
/* End PBXContainerItemProxy section */

/* Begin PBXFileReference section */
		1DFA3C92245F673700F15F0A /* HashMapKata.app */ = {isa = PBXFileReference; explicitFileType = wrapper.application; includeInIndex = 0; path = HashMapKata.app; sourceTree = BUILT_PRODUCTS_DIR; };
		1DFA3C95245F673700F15F0A /* AppDelegate.swift */ = {isa = PBXFileReference; lastKnownFileType = sourcecode.swift; path = AppDelegate.swift; sourceTree = "<group>"; };
		1DFA3C97245F673700F15F0A /* SceneDelegate.swift */ = {isa = PBXFileReference; lastKnownFileType = sourcecode.swift; path = SceneDelegate.swift; sourceTree = "<group>"; };
		1DFA3C99245F673700F15F0A /* ViewController.swift */ = {isa = PBXFileReference; lastKnownFileType = sourcecode.swift; path = ViewController.swift; sourceTree = "<group>"; };
		1DFA3C9C245F673700F15F0A /* Base */ = {isa = PBXFileReference; lastKnownFileType = file.storyboard; name = Base; path = Base.lproj/Main.storyboard; sourceTree = "<group>"; };
		1DFA3C9E245F673900F15F0A /* Assets.xcassets */ = {isa = PBXFileReference; lastKnownFileType = folder.assetcatalog; path = Assets.xcassets; sourceTree = "<group>"; };
		1DFA3CA1245F673900F15F0A /* Base */ = {isa = PBXFileReference; lastKnownFileType = file.storyboard; name = Base; path = Base.lproj/LaunchScreen.storyboard; sourceTree = "<group>"; };
		1DFA3CA3245F673900F15F0A /* Info.plist */ = {isa = PBXFileReference; lastKnownFileType = text.plist.xml; path = Info.plist; sourceTree = "<group>"; };
		1DFA3CA8245F673900F15F0A /* HashMapKataTests.xctest */ = {isa = PBXFileReference; explicitFileType = wrapper.cfbundle; includeInIndex = 0; path = HashMapKataTests.xctest; sourceTree = BUILT_PRODUCTS_DIR; };
		1DFA3CAC245F673900F15F0A /* HashMapKataTests.swift */ = {isa = PBXFileReference; lastKnownFileType = sourcecode.swift; path = HashMapKataTests.swift; sourceTree = "<group>"; };
		1DFA3CAE245F673900F15F0A /* Info.plist */ = {isa = PBXFileReference; lastKnownFileType = text.plist.xml; path = Info.plist; sourceTree = "<group>"; };
/* End PBXFileReference section */

/* Begin PBXFrameworksBuildPhase section */
		1DFA3C8F245F673700F15F0A /* Frameworks */ = {
			isa = PBXFrameworksBuildPhase;
			buildActionMask = 2147483647;
			files = (
			);
			runOnlyForDeploymentPostprocessing = 0;
		};
		1DFA3CA5245F673900F15F0A /* Frameworks */ = {
			isa = PBXFrameworksBuildPhase;
			buildActionMask = 2147483647;
			files = (
			);
			runOnlyForDeploymentPostprocessing = 0;
		};
/* End PBXFrameworksBuildPhase section */

/* Begin PBXGroup section */
		1DFA3C89245F673700F15F0A = {
			isa = PBXGroup;
			children = (
				1DFA3C94245F673700F15F0A /* HashMapKata */,
				1DFA3CAB245F673900F15F0A /* HashMapKataTests */,
				1DFA3C93245F673700F15F0A /* Products */,
			);
			sourceTree = "<group>";
		};
		1DFA3C93245F673700F15F0A /* Products */ = {
			isa = PBXGroup;
			children = (
				1DFA3C92245F673700F15F0A /* HashMapKata.app */,
				1DFA3CA8245F673900F15F0A /* HashMapKataTests.xctest */,
			);
			name = Products;
			sourceTree = "<group>";
		};
		1DFA3C94245F673700F15F0A /* HashMapKata */ = {
			isa = PBXGroup;
			children = (
				1DFA3C95245F673700F15F0A /* AppDelegate.swift */,
				1DFA3C97245F673700F15F0A /* SceneDelegate.swift */,
				1DFA3C99245F673700F15F0A /* ViewController.swift */,
				1DFA3C9B245F673700F15F0A /* Main.storyboard */,
				1DFA3C9E245F673900F15F0A /* Assets.xcassets */,
				1DFA3CA0245F673900F15F0A /* LaunchScreen.storyboard */,
				1DFA3CA3245F673900F15F0A /* Info.plist */,
			);
			path = HashMapKata;
			sourceTree = "<group>";
		};
		1DFA3CAB245F673900F15F0A /* HashMapKataTests */ = {
			isa = PBXGroup;
			children = (
				1DFA3CAC245F673900F15F0A /* HashMapKataTests.swift */,
				1DFA3CAE245F673900F15F0A /* Info.plist */,
			);
			path = HashMapKataTests;
			sourceTree = "<group>";
		};
/* End PBXGroup section */

/* Begin PBXNativeTarget section */
		1DFA3C91245F673700F15F0A /* HashMapKata */ = {
			isa = PBXNativeTarget;
			buildConfigurationList = 1DFA3CB1245F673900F15F0A /* Build configuration list for PBXNativeTarget "HashMapKata" */;
			buildPhases = (
				1DFA3C8E245F673700F15F0A /* Sources */,
				1DFA3C8F245F673700F15F0A /* Frameworks */,
				1DFA3C90245F673700F15F0A /* Resources */,
			);
			buildRules = (
			);
			dependencies = (
			);
			name = HashMapKata;
			productName = HashMapKata;
			productReference = 1DFA3C92245F673700F15F0A /* HashMapKata.app */;
			productType = "com.apple.product-type.application";
		};
		1DFA3CA7245F673900F15F0A /* HashMapKataTests */ = {
			isa = PBXNativeTarget;
			buildConfigurationList = 1DFA3CB4245F673900F15F0A /* Build configuration list for PBXNativeTarget "HashMapKataTests" */;
			buildPhases = (
				1DFA3CA4245F673900F15F0A /* Sources */,
				1DFA3CA5245F673900F15F0A /* Frameworks */,
				1DFA3CA6245F673900F15F0A /* Resources */,
			);
			buildRules = (
			);
			dependencies = (
				1DFA3CAA245F673900F15F0A /* PBXTargetDependency */,
			);
			name = HashMapKataTests;
			productName = HashMapKataTests;
			productReference = 1DFA3CA8245F673900F15F0A /* HashMapKataTests.xctest */;
			productType = "com.apple.product-type.bundle.unit-test";
		};
/* End PBXNativeTarget section */

/* Begin PBXProject section */
		1DFA3C8A245F673700F15F0A /* Project object */ = {
			isa = PBXProject;
			attributes = {
				LastSwiftUpdateCheck = 1140;
				LastUpgradeCheck = 1140;
				ORGANIZATIONNAME = mugx;
				TargetAttributes = {
					1DFA3C91245F673700F15F0A = {
						CreatedOnToolsVersion = 11.4.1;
					};
					1DFA3CA7245F673900F15F0A = {
						CreatedOnToolsVersion = 11.4.1;
						TestTargetID = 1DFA3C91245F673700F15F0A;
					};
				};
			};
			buildConfigurationList = 1DFA3C8D245F673700F15F0A /* Build configuration list for PBXProject "HashMapKata" */;
			compatibilityVersion = "Xcode 9.3";
			developmentRegion = en;
			hasScannedForEncodings = 0;
			knownRegions = (
				en,
				Base,
			);
			mainGroup = 1DFA3C89245F673700F15F0A;
			productRefGroup = 1DFA3C93245F673700F15F0A /* Products */;
			projectDirPath = "";
			projectRoot = "";
			targets = (
				1DFA3C91245F673700F15F0A /* HashMapKata */,
				1DFA3CA7245F673900F15F0A /* HashMapKataTests */,
			);
		};
/* End PBXProject section */

/* Begin PBXResourcesBuildPhase section */
		1DFA3C90245F673700F15F0A /* Resources */ = {
			isa = PBXResourcesBuildPhase;
			buildActionMask = 2147483647;
			files = (
				1DFA3CA2245F673900F15F0A /* LaunchScreen.storyboard in Resources */,
				1DFA3C9F245F673900F15F0A /* Assets.xcassets in Resources */,
				1DFA3C9D245F673700F15F0A /* Main.storyboard in Resources */,
			);
			runOnlyForDeploymentPostprocessing = 0;
		};
		1DFA3CA6245F673900F15F0A /* Resources */ = {
			isa = PBXResourcesBuildPhase;
			buildActionMask = 2147483647;
			files = (
			);
			runOnlyForDeploymentPostprocessing = 0;
		};
/* End PBXResourcesBuildPhase section */

/* Begin PBXSourcesBuildPhase section */
		1DFA3C8E245F673700F15F0A /* Sources */ = {
			isa = PBXSourcesBuildPhase;
			buildActionMask = 2147483647;
			files = (
				1DFA3C9A245F673700F15F0A /* ViewController.swift in Sources */,
				1DFA3C96245F673700F15F0A /* AppDelegate.swift in Sources */,
				1DFA3C98245F673700F15F0A /* SceneDelegate.swift in Sources */,
			);
			runOnlyForDeploymentPostprocessing = 0;
		};
		1DFA3CA4245F673900F15F0A /* Sources */ = {
			isa = PBXSourcesBuildPhase;
			buildActionMask = 2147483647;
			files = (
				1DFA3CAD245F673900F15F0A /* HashMapKataTests.swift in Sources */,
			);
			runOnlyForDeploymentPostprocessing = 0;
		};
/* End PBXSourcesBuildPhase section */

/* Begin PBXTargetDependency section */
		1DFA3CAA245F673900F15F0A /* PBXTargetDependency */ = {
			isa = PBXTargetDependency;
			target = 1DFA3C91245F673700F15F0A /* HashMapKata */;
			targetProxy = 1DFA3CA9245F673900F15F0A /* PBXContainerItemProxy */;
		};
/* End PBXTargetDependency section */

/* Begin PBXVariantGroup section */
		1DFA3C9B245F673700F15F0A /* Main.storyboard */ = {
			isa = PBXVariantGroup;
			children = (
				1DFA3C9C245F673700F15F0A /* Base */,
			);
			name = Main.storyboard;
			sourceTree = "<group>";
		};
		1DFA3CA0245F673900F15F0A /* LaunchScreen.storyboard */ = {
			isa = PBXVariantGroup;
			children = (
				1DFA3CA1245F673900F15F0A /* Base */,
			);
			name = LaunchScreen.storyboard;
			sourceTree = "<group>";
		};
/* End PBXVariantGroup section */

/* Begin XCBuildConfiguration section */
		1DFA3CAF245F673900F15F0A /* Debug */ = {
			isa = XCBuildConfiguration;
			buildSettings = {
				ALWAYS_SEARCH_USER_PATHS = NO;
				CLANG_ANALYZER_NONNULL = YES;
				CLANG_ANALYZER_NUMBER_OBJECT_CONVERSION = YES_AGGRESSIVE;
				CLANG_CXX_LANGUAGE_STANDARD = "gnu++14";
				CLANG_CXX_LIBRARY = "libc++";
				CLANG_ENABLE_MODULES = YES;
				CLANG_ENABLE_OBJC_ARC = YES;
				CLANG_ENABLE_OBJC_WEAK = YES;
				CLANG_WARN_BLOCK_CAPTURE_AUTORELEASING = YES;
				CLANG_WARN_BOOL_CONVERSION = YES;
				CLANG_WARN_COMMA = YES;
				CLANG_WARN_CONSTANT_CONVERSION = YES;
				CLANG_WARN_DEPRECATED_OBJC_IMPLEMENTATIONS = YES;
				CLANG_WARN_DIRECT_OBJC_ISA_USAGE = YES_ERROR;
				CLANG_WARN_DOCUMENTATION_COMMENTS = YES;
				CLANG_WARN_EMPTY_BODY = YES;
				CLANG_WARN_ENUM_CONVERSION = YES;
				CLANG_WARN_INFINITE_RECURSION = YES;
				CLANG_WARN_INT_CONVERSION = YES;
				CLANG_WARN_NON_LITERAL_NULL_CONVERSION = YES;
				CLANG_WARN_OBJC_IMPLICIT_RETAIN_SELF = YES;
				CLANG_WARN_OBJC_LITERAL_CONVERSION = YES;
				CLANG_WARN_OBJC_ROOT_CLASS = YES_ERROR;
				CLANG_WARN_RANGE_LOOP_ANALYSIS = YES;
				CLANG_WARN_STRICT_PROTOTYPES = YES;
				CLANG_WARN_SUSPICIOUS_MOVE = YES;
				CLANG_WARN_UNGUARDED_AVAILABILITY = YES_AGGRESSIVE;
				CLANG_WARN_UNREACHABLE_CODE = YES;
				CLANG_WARN__DUPLICATE_METHOD_MATCH = YES;
				COPY_PHASE_STRIP = NO;
				DEBUG_INFORMATION_FORMAT = dwarf;
				ENABLE_STRICT_OBJC_MSGSEND = YES;
				ENABLE_TESTABILITY = YES;
				GCC_C_LANGUAGE_STANDARD = gnu11;
				GCC_DYNAMIC_NO_PIC = NO;
				GCC_NO_COMMON_BLOCKS = YES;
				GCC_OPTIMIZATION_LEVEL = 0;
				GCC_PREPROCESSOR_DEFINITIONS = (
					"DEBUG=1",
					"$(inherited)",
				);
				GCC_WARN_64_TO_32_BIT_CONVERSION = YES;
				GCC_WARN_ABOUT_RETURN_TYPE = YES_ERROR;
				GCC_WARN_UNDECLARED_SELECTOR = YES;
				GCC_WARN_UNINITIALIZED_AUTOS = YES_AGGRESSIVE;
				GCC_WARN_UNUSED_FUNCTION = YES;
				GCC_WARN_UNUSED_VARIABLE = YES;
				IPHONEOS_DEPLOYMENT_TARGET = 13.4;
				MTL_ENABLE_DEBUG_INFO = INCLUDE_SOURCE;
				MTL_FAST_MATH = YES;
				ONLY_ACTIVE_ARCH = YES;
				SDKROOT = iphoneos;
				SWIFT_ACTIVE_COMPILATION_CONDITIONS = DEBUG;
				SWIFT_OPTIMIZATION_LEVEL = "-Onone";
			};
			name = Debug;
		};
		1DFA3CB0245F673900F15F0A /* Release */ = {
			isa = XCBuildConfiguration;
			buildSettings = {
				ALWAYS_SEARCH_USER_PATHS = NO;
				CLANG_ANALYZER_NONNULL = YES;
				CLANG_ANALYZER_NUMBER_OBJECT_CONVERSION = YES_AGGRESSIVE;
				CLANG_CXX_LANGUAGE_STANDARD = "gnu++14";
				CLANG_CXX_LIBRARY = "libc++";
				CLANG_ENABLE_MODULES = YES;
				CLANG_ENABLE_OBJC_ARC = YES;
				CLANG_ENABLE_OBJC_WEAK = YES;
				CLANG_WARN_BLOCK_CAPTURE_AUTORELEASING = YES;
				CLANG_WARN_BOOL_CONVERSION = YES;
				CLANG_WARN_COMMA = YES;
				CLANG_WARN_CONSTANT_CONVERSION = YES;
				CLANG_WARN_DEPRECATED_OBJC_IMPLEMENTATIONS = YES;
				CLANG_WARN_DIRECT_OBJC_ISA_USAGE = YES_ERROR;
				CLANG_WARN_DOCUMENTATION_COMMENTS = YES;
				CLANG_WARN_EMPTY_BODY = YES;
				CLANG_WARN_ENUM_CONVERSION = YES;
				CLANG_WARN_INFINITE_RECURSION = YES;
				CLANG_WARN_INT_CONVERSION = YES;
				CLANG_WARN_NON_LITERAL_NULL_CONVERSION = YES;
				CLANG_WARN_OBJC_IMPLICIT_RETAIN_SELF = YES;
				CLANG_WARN_OBJC_LITERAL_CONVERSION = YES;
				CLANG_WARN_OBJC_ROOT_CLASS = YES_ERROR;
				CLANG_WARN_RANGE_LOOP_ANALYSIS = YES;
				CLANG_WARN_STRICT_PROTOTYPES = YES;
				CLANG_WARN_SUSPICIOUS_MOVE = YES;
				CLANG_WARN_UNGUARDED_AVAILABILITY = YES_AGGRESSIVE;
				CLANG_WARN_UNREACHABLE_CODE = YES;
				CLANG_WARN__DUPLICATE_METHOD_MATCH = YES;
				COPY_PHASE_STRIP = NO;
				DEBUG_INFORMATION_FORMAT = "dwarf-with-dsym";
				ENABLE_NS_ASSERTIONS = NO;
				ENABLE_STRICT_OBJC_MSGSEND = YES;
				GCC_C_LANGUAGE_STANDARD = gnu11;
				GCC_NO_COMMON_BLOCKS = YES;
				GCC_WARN_64_TO_32_BIT_CONVERSION = YES;
				GCC_WARN_ABOUT_RETURN_TYPE = YES_ERROR;
				GCC_WARN_UNDECLARED_SELECTOR = YES;
				GCC_WARN_UNINITIALIZED_AUTOS = YES_AGGRESSIVE;
				GCC_WARN_UNUSED_FUNCTION = YES;
				GCC_WARN_UNUSED_VARIABLE = YES;
				IPHONEOS_DEPLOYMENT_TARGET = 13.4;
				MTL_ENABLE_DEBUG_INFO = NO;
				MTL_FAST_MATH = YES;
				SDKROOT = iphoneos;
				SWIFT_COMPILATION_MODE = wholemodule;
				SWIFT_OPTIMIZATION_LEVEL = "-O";
				VALIDATE_PRODUCT = YES;
			};
			name = Release;
		};
		1DFA3CB2245F673900F15F0A /* Debug */ = {
			isa = XCBuildConfiguration;
			buildSettings = {
				ASSETCATALOG_COMPILER_APPICON_NAME = AppIcon;
				CODE_SIGN_STYLE = Automatic;
				DEVELOPMENT_TEAM = 8XE9QV2E26;
				INFOPLIST_FILE = HashMapKata/Info.plist;
				LD_RUNPATH_SEARCH_PATHS = (
					"$(inherited)",
					"@executable_path/Frameworks",
				);
				PRODUCT_BUNDLE_IDENTIFIER = mugx.HashMapKata;
				PRODUCT_NAME = "$(TARGET_NAME)";
				SWIFT_VERSION = 5.0;
				TARGETED_DEVICE_FAMILY = "1,2";
			};
			name = Debug;
		};
		1DFA3CB3245F673900F15F0A /* Release */ = {
			isa = XCBuildConfiguration;
			buildSettings = {
				ASSETCATALOG_COMPILER_APPICON_NAME = AppIcon;
				CODE_SIGN_STYLE = Automatic;
				DEVELOPMENT_TEAM = 8XE9QV2E26;
				INFOPLIST_FILE = HashMapKata/Info.plist;
				LD_RUNPATH_SEARCH_PATHS = (
					"$(inherited)",
					"@executable_path/Frameworks",
				);
				PRODUCT_BUNDLE_IDENTIFIER = mugx.HashMapKata;
				PRODUCT_NAME = "$(TARGET_NAME)";
				SWIFT_VERSION = 5.0;
				TARGETED_DEVICE_FAMILY = "1,2";
			};
			name = Release;
		};
		1DFA3CB5245F673900F15F0A /* Debug */ = {
			isa = XCBuildConfiguration;
			buildSettings = {
				ALWAYS_EMBED_SWIFT_STANDARD_LIBRARIES = YES;
				BUNDLE_LOADER = "$(TEST_HOST)";
				CODE_SIGN_STYLE = Automatic;
				DEVELOPMENT_TEAM = 8XE9QV2E26;
				INFOPLIST_FILE = HashMapKataTests/Info.plist;
				IPHONEOS_DEPLOYMENT_TARGET = 13.4;
				LD_RUNPATH_SEARCH_PATHS = (
					"$(inherited)",
					"@executable_path/Frameworks",
					"@loader_path/Frameworks",
				);
				PRODUCT_BUNDLE_IDENTIFIER = mugx.HashMapKataTests;
				PRODUCT_NAME = "$(TARGET_NAME)";
				SWIFT_VERSION = 5.0;
				TARGETED_DEVICE_FAMILY = "1,2";
				TEST_HOST = "$(BUILT_PRODUCTS_DIR)/HashMapKata.app/HashMapKata";
			};
			name = Debug;
		};
		1DFA3CB6245F673900F15F0A /* Release */ = {
			isa = XCBuildConfiguration;
			buildSettings = {
				ALWAYS_EMBED_SWIFT_STANDARD_LIBRARIES = YES;
				BUNDLE_LOADER = "$(TEST_HOST)";
				CODE_SIGN_STYLE = Automatic;
				DEVELOPMENT_TEAM = 8XE9QV2E26;
				INFOPLIST_FILE = HashMapKataTests/Info.plist;
				IPHONEOS_DEPLOYMENT_TARGET = 13.4;
				LD_RUNPATH_SEARCH_PATHS = (
					"$(inherited)",
					"@executable_path/Frameworks",
					"@loader_path/Frameworks",
				);
				PRODUCT_BUNDLE_IDENTIFIER = mugx.HashMapKataTests;
				PRODUCT_NAME = "$(TARGET_NAME)";
				SWIFT_VERSION = 5.0;
				TARGETED_DEVICE_FAMILY = "1,2";
				TEST_HOST = "$(BUILT_PRODUCTS_DIR)/HashMapKata.app/HashMapKata";
			};
			name = Release;
		};
/* End XCBuildConfiguration section */

/* Begin XCConfigurationList section */
		1DFA3C8D245F673700F15F0A /* Build configuration list for PBXProject "HashMapKata" */ = {
			isa = XCConfigurationList;
			buildConfigurations = (
				1DFA3CAF245F673900F15F0A /* Debug */,
				1DFA3CB0245F673900F15F0A /* Release */,
			);
			defaultConfigurationIsVisible = 0;
			defaultConfigurationName = Release;
		};
		1DFA3CB1245F673900F15F0A /* Build configuration list for PBXNativeTarget "HashMapKata" */ = {
			isa = XCConfigurationList;
			buildConfigurations = (
				1DFA3CB2245F673900F15F0A /* Debug */,
				1DFA3CB3245F673900F15F0A /* Release */,
			);
			defaultConfigurationIsVisible = 0;
			defaultConfigurationName = Release;
		};
		1DFA3CB4245F673900F15F0A /* Build configuration list for PBXNativeTarget "HashMapKataTests" */ = {
			isa = XCConfigurationList;
			buildConfigurations = (
				1DFA3CB5245F673900F15F0A /* Debug */,
				1DFA3CB6245F673900F15F0A /* Release */,
			);
			defaultConfigurationIsVisible = 0;
			defaultConfigurationName = Release;
		};
/* End XCConfigurationList section */
	};
	rootObject = 1DFA3C8A245F673700F15F0A /* Project object */;
}
