// !$*UTF8*$!
{
	archiveVersion = 1;
	classes = {
	};
	objectVersion = 50;
	objects = {

/* Begin PBXBuildFile section */
		1D998517245D6E9700C9A6FD /* AppDelegate.swift in Sources */ = {isa = PBXBuildFile; fileRef = 1D998516245D6E9700C9A6FD /* AppDelegate.swift */; };
		1D99851B245D6E9700C9A6FD /* ViewController.swift in Sources */ = {isa = PBXBuildFile; fileRef = 1D99851A245D6E9700C9A6FD /* ViewController.swift */; };
		1D998520245D6E9900C9A6FD /* Assets.xcassets in Resources */ = {isa = PBXBuildFile; fileRef = 1D99851F245D6E9900C9A6FD /* Assets.xcassets */; };
		1D998523245D6E9900C9A6FD /* LaunchScreen.storyboard in Resources */ = {isa = PBXBuildFile; fileRef = 1D998521245D6E9900C9A6FD /* LaunchScreen.storyboard */; };
		1D99852E245D6E9900C9A6FD /* GameOfLifeKataTests.swift in Sources */ = {isa = PBXBuildFile; fileRef = 1D99852D245D6E9900C9A6FD /* GameOfLifeKataTests.swift */; };
		1DE798DA245D99D3005A3E96 /* Board.swift in Sources */ = {isa = PBXBuildFile; fileRef = 1DE798D9245D99D3005A3E96 /* Board.swift */; };
		1DE798DC245DB968005A3E96 /* Board+Test.swift in Sources */ = {isa = PBXBuildFile; fileRef = 1DE798DB245DB968005A3E96 /* Board+Test.swift */; };
		1DE798E9245DD055005A3E96 /* ViewController.xib in Resources */ = {isa = PBXBuildFile; fileRef = 1DE798E8245DD055005A3E96 /* ViewController.xib */; };
/* End PBXBuildFile section */

/* Begin PBXContainerItemProxy section */
		1D99852A245D6E9900C9A6FD /* PBXContainerItemProxy */ = {
			isa = PBXContainerItemProxy;
			containerPortal = 1D99850B245D6E9700C9A6FD /* Project object */;
			proxyType = 1;
			remoteGlobalIDString = 1D998512245D6E9700C9A6FD;
			remoteInfo = GameOfLifeKata;
		};
/* End PBXContainerItemProxy section */

/* Begin PBXFileReference section */
		1D998513245D6E9700C9A6FD /* GameOfLifeKata.app */ = {isa = PBXFileReference; explicitFileType = wrapper.application; includeInIndex = 0; path = GameOfLifeKata.app; sourceTree = BUILT_PRODUCTS_DIR; };
		1D998516245D6E9700C9A6FD /* AppDelegate.swift */ = {isa = PBXFileReference; lastKnownFileType = sourcecode.swift; path = AppDelegate.swift; sourceTree = "<group>"; };
		1D99851A245D6E9700C9A6FD /* ViewController.swift */ = {isa = PBXFileReference; lastKnownFileType = sourcecode.swift; path = ViewController.swift; sourceTree = "<group>"; };
		1D99851F245D6E9900C9A6FD /* Assets.xcassets */ = {isa = PBXFileReference; lastKnownFileType = folder.assetcatalog; path = Assets.xcassets; sourceTree = "<group>"; };
		1D998522245D6E9900C9A6FD /* Base */ = {isa = PBXFileReference; lastKnownFileType = file.storyboard; name = Base; path = Base.lproj/LaunchScreen.storyboard; sourceTree = "<group>"; };
		1D998524245D6E9900C9A6FD /* Info.plist */ = {isa = PBXFileReference; lastKnownFileType = text.plist.xml; path = Info.plist; sourceTree = "<group>"; };
		1D998529245D6E9900C9A6FD /* GameOfLifeKataTests.xctest */ = {isa = PBXFileReference; explicitFileType = wrapper.cfbundle; includeInIndex = 0; path = GameOfLifeKataTests.xctest; sourceTree = BUILT_PRODUCTS_DIR; };
		1D99852D245D6E9900C9A6FD /* GameOfLifeKataTests.swift */ = {isa = PBXFileReference; lastKnownFileType = sourcecode.swift; path = GameOfLifeKataTests.swift; sourceTree = "<group>"; };
		1D99852F245D6E9900C9A6FD /* Info.plist */ = {isa = PBXFileReference; lastKnownFileType = text.plist.xml; path = Info.plist; sourceTree = "<group>"; };
		1DE798D9245D99D3005A3E96 /* Board.swift */ = {isa = PBXFileReference; lastKnownFileType = sourcecode.swift; path = Board.swift; sourceTree = "<group>"; };
		1DE798DB245DB968005A3E96 /* Board+Test.swift */ = {isa = PBXFileReference; lastKnownFileType = sourcecode.swift; path = "Board+Test.swift"; sourceTree = "<group>"; };
		1DE798E8245DD055005A3E96 /* ViewController.xib */ = {isa = PBXFileReference; lastKnownFileType = file.xib; path = ViewController.xib; sourceTree = "<group>"; };
/* End PBXFileReference section */

/* Begin PBXFrameworksBuildPhase section */
		1D998510245D6E9700C9A6FD /* Frameworks */ = {
			isa = PBXFrameworksBuildPhase;
			buildActionMask = 2147483647;
			files = (
			);
			runOnlyForDeploymentPostprocessing = 0;
		};
		1D998526245D6E9900C9A6FD /* Frameworks */ = {
			isa = PBXFrameworksBuildPhase;
			buildActionMask = 2147483647;
			files = (
			);
			runOnlyForDeploymentPostprocessing = 0;
		};
/* End PBXFrameworksBuildPhase section */

/* Begin PBXGroup section */
		1D99850A245D6E9700C9A6FD = {
			isa = PBXGroup;
			children = (
				1D998515245D6E9700C9A6FD /* GameOfLifeKata */,
				1D99852C245D6E9900C9A6FD /* GameOfLifeKataTests */,
				1D998514245D6E9700C9A6FD /* Products */,
			);
			sourceTree = "<group>";
		};
		1D998514245D6E9700C9A6FD /* Products */ = {
			isa = PBXGroup;
			children = (
				1D998513245D6E9700C9A6FD /* GameOfLifeKata.app */,
				1D998529245D6E9900C9A6FD /* GameOfLifeKataTests.xctest */,
			);
			name = Products;
			sourceTree = "<group>";
		};
		1D998515245D6E9700C9A6FD /* GameOfLifeKata */ = {
			isa = PBXGroup;
			children = (
				1D998516245D6E9700C9A6FD /* AppDelegate.swift */,
				1D99851A245D6E9700C9A6FD /* ViewController.swift */,
				1DE798E8245DD055005A3E96 /* ViewController.xib */,
				1DE798D9245D99D3005A3E96 /* Board.swift */,
				1DE798DD245DB9A9005A3E96 /* Resources */,
			);
			path = GameOfLifeKata;
			sourceTree = "<group>";
		};
		1D99852C245D6E9900C9A6FD /* GameOfLifeKataTests */ = {
			isa = PBXGroup;
			children = (
				1D99852D245D6E9900C9A6FD /* GameOfLifeKataTests.swift */,
				1DE798DB245DB968005A3E96 /* Board+Test.swift */,
				1DE798E1245DCAA2005A3E96 /* Resources */,
			);
			path = GameOfLifeKataTests;
			sourceTree = "<group>";
		};
		1DE798DD245DB9A9005A3E96 /* Resources */ = {
			isa = PBXGroup;
			children = (
				1D99851F245D6E9900C9A6FD /* Assets.xcassets */,
				1D998521245D6E9900C9A6FD /* LaunchScreen.storyboard */,
				1D998524245D6E9900C9A6FD /* Info.plist */,
			);
			path = Resources;
			sourceTree = "<group>";
		};
		1DE798E1245DCAA2005A3E96 /* Resources */ = {
			isa = PBXGroup;
			children = (
				1D99852F245D6E9900C9A6FD /* Info.plist */,
			);
			path = Resources;
			sourceTree = "<group>";
		};
/* End PBXGroup section */

/* Begin PBXNativeTarget section */
		1D998512245D6E9700C9A6FD /* GameOfLifeKata */ = {
			isa = PBXNativeTarget;
			buildConfigurationList = 1D998532245D6E9900C9A6FD /* Build configuration list for PBXNativeTarget "GameOfLifeKata" */;
			buildPhases = (
				1D99850F245D6E9700C9A6FD /* Sources */,
				1D998510245D6E9700C9A6FD /* Frameworks */,
				1D998511245D6E9700C9A6FD /* Resources */,
			);
			buildRules = (
			);
			dependencies = (
			);
			name = GameOfLifeKata;
			productName = GameOfLifeKata;
			productReference = 1D998513245D6E9700C9A6FD /* GameOfLifeKata.app */;
			productType = "com.apple.product-type.application";
		};
		1D998528245D6E9900C9A6FD /* GameOfLifeKataTests */ = {
			isa = PBXNativeTarget;
			buildConfigurationList = 1D998535245D6E9900C9A6FD /* Build configuration list for PBXNativeTarget "GameOfLifeKataTests" */;
			buildPhases = (
				1D998525245D6E9900C9A6FD /* Sources */,
				1D998526245D6E9900C9A6FD /* Frameworks */,
				1D998527245D6E9900C9A6FD /* Resources */,
			);
			buildRules = (
			);
			dependencies = (
				1D99852B245D6E9900C9A6FD /* PBXTargetDependency */,
			);
			name = GameOfLifeKataTests;
			productName = GameOfLifeKataTests;
			productReference = 1D998529245D6E9900C9A6FD /* GameOfLifeKataTests.xctest */;
			productType = "com.apple.product-type.bundle.unit-test";
		};
/* End PBXNativeTarget section */

/* Begin PBXProject section */
		1D99850B245D6E9700C9A6FD /* Project object */ = {
			isa = PBXProject;
			attributes = {
				LastSwiftUpdateCheck = 1140;
				LastUpgradeCheck = 1140;
				ORGANIZATIONNAME = mugx;
				TargetAttributes = {
					1D998512245D6E9700C9A6FD = {
						CreatedOnToolsVersion = 11.4;
					};
					1D998528245D6E9900C9A6FD = {
						CreatedOnToolsVersion = 11.4;
						TestTargetID = 1D998512245D6E9700C9A6FD;
					};
				};
			};
			buildConfigurationList = 1D99850E245D6E9700C9A6FD /* Build configuration list for PBXProject "GameOfLifeKata" */;
			compatibilityVersion = "Xcode 9.3";
			developmentRegion = en;
			hasScannedForEncodings = 0;
			knownRegions = (
				en,
				Base,
			);
			mainGroup = 1D99850A245D6E9700C9A6FD;
			productRefGroup = 1D998514245D6E9700C9A6FD /* Products */;
			projectDirPath = "";
			projectRoot = "";
			targets = (
				1D998512245D6E9700C9A6FD /* GameOfLifeKata */,
				1D998528245D6E9900C9A6FD /* GameOfLifeKataTests */,
			);
		};
/* End PBXProject section */

/* Begin PBXResourcesBuildPhase section */
		1D998511245D6E9700C9A6FD /* Resources */ = {
			isa = PBXResourcesBuildPhase;
			buildActionMask = 2147483647;
			files = (
				1D998523245D6E9900C9A6FD /* LaunchScreen.storyboard in Resources */,
				1D998520245D6E9900C9A6FD /* Assets.xcassets in Resources */,
				1DE798E9245DD055005A3E96 /* ViewController.xib in Resources */,
			);
			runOnlyForDeploymentPostprocessing = 0;
		};
		1D998527245D6E9900C9A6FD /* Resources */ = {
			isa = PBXResourcesBuildPhase;
			buildActionMask = 2147483647;
			files = (
			);
			runOnlyForDeploymentPostprocessing = 0;
		};
/* End PBXResourcesBuildPhase section */

/* Begin PBXSourcesBuildPhase section */
		1D99850F245D6E9700C9A6FD /* Sources */ = {
			isa = PBXSourcesBuildPhase;
			buildActionMask = 2147483647;
			files = (
				1D99851B245D6E9700C9A6FD /* ViewController.swift in Sources */,
				1D998517245D6E9700C9A6FD /* AppDelegate.swift in Sources */,
				1DE798DA245D99D3005A3E96 /* Board.swift in Sources */,
			);
			runOnlyForDeploymentPostprocessing = 0;
		};
		1D998525245D6E9900C9A6FD /* Sources */ = {
			isa = PBXSourcesBuildPhase;
			buildActionMask = 2147483647;
			files = (
				1D99852E245D6E9900C9A6FD /* GameOfLifeKataTests.swift in Sources */,
				1DE798DC245DB968005A3E96 /* Board+Test.swift in Sources */,
			);
			runOnlyForDeploymentPostprocessing = 0;
		};
/* End PBXSourcesBuildPhase section */

/* Begin PBXTargetDependency section */
		1D99852B245D6E9900C9A6FD /* PBXTargetDependency */ = {
			isa = PBXTargetDependency;
			target = 1D998512245D6E9700C9A6FD /* GameOfLifeKata */;
			targetProxy = 1D99852A245D6E9900C9A6FD /* PBXContainerItemProxy */;
		};
/* End PBXTargetDependency section */

/* Begin PBXVariantGroup section */
		1D998521245D6E9900C9A6FD /* LaunchScreen.storyboard */ = {
			isa = PBXVariantGroup;
			children = (
				1D998522245D6E9900C9A6FD /* Base */,
			);
			name = LaunchScreen.storyboard;
			sourceTree = "<group>";
		};
/* End PBXVariantGroup section */

/* Begin XCBuildConfiguration section */
		1D998530245D6E9900C9A6FD /* Debug */ = {
			isa = XCBuildConfiguration;
			buildSettings = {
				ALWAYS_SEARCH_USER_PATHS = NO;
				CLANG_ANALYZER_NONNULL = YES;
				CLANG_ANALYZER_NUMBER_OBJECT_CONVERSION = YES_AGGRESSIVE;
				CLANG_CXX_LANGUAGE_STANDARD = "gnu++14";
				CLANG_CXX_LIBRARY = "libc++";
				CLANG_ENABLE_MODULES = YES;
				CLANG_ENABLE_OBJC_ARC = YES;
				CLANG_ENABLE_OBJC_WEAK = YES;
				CLANG_WARN_BLOCK_CAPTURE_AUTORELEASING = YES;
				CLANG_WARN_BOOL_CONVERSION = YES;
				CLANG_WARN_COMMA = YES;
				CLANG_WARN_CONSTANT_CONVERSION = YES;
				CLANG_WARN_DEPRECATED_OBJC_IMPLEMENTATIONS = YES;
				CLANG_WARN_DIRECT_OBJC_ISA_USAGE = YES_ERROR;
				CLANG_WARN_DOCUMENTATION_COMMENTS = YES;
				CLANG_WARN_EMPTY_BODY = YES;
				CLANG_WARN_ENUM_CONVERSION = YES;
				CLANG_WARN_INFINITE_RECURSION = YES;
				CLANG_WARN_INT_CONVERSION = YES;
				CLANG_WARN_NON_LITERAL_NULL_CONVERSION = YES;
				CLANG_WARN_OBJC_IMPLICIT_RETAIN_SELF = YES;
				CLANG_WARN_OBJC_LITERAL_CONVERSION = YES;
				CLANG_WARN_OBJC_ROOT_CLASS = YES_ERROR;
				CLANG_WARN_RANGE_LOOP_ANALYSIS = YES;
				CLANG_WARN_STRICT_PROTOTYPES = YES;
				CLANG_WARN_SUSPICIOUS_MOVE = YES;
				CLANG_WARN_UNGUARDED_AVAILABILITY = YES_AGGRESSIVE;
				CLANG_WARN_UNREACHABLE_CODE = YES;
				CLANG_WARN__DUPLICATE_METHOD_MATCH = YES;
				COPY_PHASE_STRIP = NO;
				DEBUG_INFORMATION_FORMAT = dwarf;
				ENABLE_STRICT_OBJC_MSGSEND = YES;
				ENABLE_TESTABILITY = YES;
				GCC_C_LANGUAGE_STANDARD = gnu11;
				GCC_DYNAMIC_NO_PIC = NO;
				GCC_NO_COMMON_BLOCKS = YES;
				GCC_OPTIMIZATION_LEVEL = 0;
				GCC_PREPROCESSOR_DEFINITIONS = (
					"DEBUG=1",
					"$(inherited)",
				);
				GCC_WARN_64_TO_32_BIT_CONVERSION = YES;
				GCC_WARN_ABOUT_RETURN_TYPE = YES_ERROR;
				GCC_WARN_UNDECLARED_SELECTOR = YES;
				GCC_WARN_UNINITIALIZED_AUTOS = YES_AGGRESSIVE;
				GCC_WARN_UNUSED_FUNCTION = YES;
				GCC_WARN_UNUSED_VARIABLE = YES;
				IPHONEOS_DEPLOYMENT_TARGET = 13.4;
				MTL_ENABLE_DEBUG_INFO = INCLUDE_SOURCE;
				MTL_FAST_MATH = YES;
				ONLY_ACTIVE_ARCH = YES;
				SDKROOT = iphoneos;
				SWIFT_ACTIVE_COMPILATION_CONDITIONS = DEBUG;
				SWIFT_OPTIMIZATION_LEVEL = "-Onone";
				SWIFT_VERSION = 5.0;
			};
			name = Debug;
		};
		1D998531245D6E9900C9A6FD /* Release */ = {
			isa = XCBuildConfiguration;
			buildSettings = {
				ALWAYS_SEARCH_USER_PATHS = NO;
				CLANG_ANALYZER_NONNULL = YES;
				CLANG_ANALYZER_NUMBER_OBJECT_CONVERSION = YES_AGGRESSIVE;
				CLANG_CXX_LANGUAGE_STANDARD = "gnu++14";
				CLANG_CXX_LIBRARY = "libc++";
				CLANG_ENABLE_MODULES = YES;
				CLANG_ENABLE_OBJC_ARC = YES;
				CLANG_ENABLE_OBJC_WEAK = YES;
				CLANG_WARN_BLOCK_CAPTURE_AUTORELEASING = YES;
				CLANG_WARN_BOOL_CONVERSION = YES;
				CLANG_WARN_COMMA = YES;
				CLANG_WARN_CONSTANT_CONVERSION = YES;
				CLANG_WARN_DEPRECATED_OBJC_IMPLEMENTATIONS = YES;
				CLANG_WARN_DIRECT_OBJC_ISA_USAGE = YES_ERROR;
				CLANG_WARN_DOCUMENTATION_COMMENTS = YES;
				CLANG_WARN_EMPTY_BODY = YES;
				CLANG_WARN_ENUM_CONVERSION = YES;
				CLANG_WARN_INFINITE_RECURSION = YES;
				CLANG_WARN_INT_CONVERSION = YES;
				CLANG_WARN_NON_LITERAL_NULL_CONVERSION = YES;
				CLANG_WARN_OBJC_IMPLICIT_RETAIN_SELF = YES;
				CLANG_WARN_OBJC_LITERAL_CONVERSION = YES;
				CLANG_WARN_OBJC_ROOT_CLASS = YES_ERROR;
				CLANG_WARN_RANGE_LOOP_ANALYSIS = YES;
				CLANG_WARN_STRICT_PROTOTYPES = YES;
				CLANG_WARN_SUSPICIOUS_MOVE = YES;
				CLANG_WARN_UNGUARDED_AVAILABILITY = YES_AGGRESSIVE;
				CLANG_WARN_UNREACHABLE_CODE = YES;
				CLANG_WARN__DUPLICATE_METHOD_MATCH = YES;
				COPY_PHASE_STRIP = NO;
				DEBUG_INFORMATION_FORMAT = "dwarf-with-dsym";
				ENABLE_NS_ASSERTIONS = NO;
				ENABLE_STRICT_OBJC_MSGSEND = YES;
				GCC_C_LANGUAGE_STANDARD = gnu11;
				GCC_NO_COMMON_BLOCKS = YES;
				GCC_WARN_64_TO_32_BIT_CONVERSION = YES;
				GCC_WARN_ABOUT_RETURN_TYPE = YES_ERROR;
				GCC_WARN_UNDECLARED_SELECTOR = YES;
				GCC_WARN_UNINITIALIZED_AUTOS = YES_AGGRESSIVE;
				GCC_WARN_UNUSED_FUNCTION = YES;
				GCC_WARN_UNUSED_VARIABLE = YES;
				IPHONEOS_DEPLOYMENT_TARGET = 13.4;
				MTL_ENABLE_DEBUG_INFO = NO;
				MTL_FAST_MATH = YES;
				SDKROOT = iphoneos;
				SWIFT_COMPILATION_MODE = wholemodule;
				SWIFT_OPTIMIZATION_LEVEL = "-O";
				SWIFT_VERSION = 5.0;
				VALIDATE_PRODUCT = YES;
			};
			name = Release;
		};
		1D998533245D6E9900C9A6FD /* Debug */ = {
			isa = XCBuildConfiguration;
			buildSettings = {
				ASSETCATALOG_COMPILER_APPICON_NAME = AppIcon;
				CODE_SIGN_STYLE = Automatic;
				DEVELOPMENT_TEAM = 8XE9QV2E26;
				INFOPLIST_FILE = GameOfLifeKata/Resources/Info.plist;
				IPHONEOS_DEPLOYMENT_TARGET = 13.4;
				LD_RUNPATH_SEARCH_PATHS = (
					"$(inherited)",
					"@executable_path/Frameworks",
				);
				PRODUCT_BUNDLE_IDENTIFIER = mugx.GameOfLifeKata;
				PRODUCT_NAME = "$(TARGET_NAME)";
				TARGETED_DEVICE_FAMILY = "1,2";
			};
			name = Debug;
		};
		1D998534245D6E9900C9A6FD /* Release */ = {
			isa = XCBuildConfiguration;
			buildSettings = {
				ASSETCATALOG_COMPILER_APPICON_NAME = AppIcon;
				CODE_SIGN_STYLE = Automatic;
				DEVELOPMENT_TEAM = 8XE9QV2E26;
				INFOPLIST_FILE = GameOfLifeKata/Resources/Info.plist;
				IPHONEOS_DEPLOYMENT_TARGET = 13.4;
				LD_RUNPATH_SEARCH_PATHS = (
					"$(inherited)",
					"@executable_path/Frameworks",
				);
				PRODUCT_BUNDLE_IDENTIFIER = mugx.GameOfLifeKata;
				PRODUCT_NAME = "$(TARGET_NAME)";
				TARGETED_DEVICE_FAMILY = "1,2";
			};
			name = Release;
		};
		1D998536245D6E9900C9A6FD /* Debug */ = {
			isa = XCBuildConfiguration;
			buildSettings = {
				ALWAYS_EMBED_SWIFT_STANDARD_LIBRARIES = YES;
				BUNDLE_LOADER = "$(TEST_HOST)";
				CODE_SIGN_STYLE = Automatic;
				DEVELOPMENT_TEAM = 8XE9QV2E26;
				INFOPLIST_FILE = GameOfLifeKataTests/Resources/Info.plist;
				IPHONEOS_DEPLOYMENT_TARGET = 13.4;
				LD_RUNPATH_SEARCH_PATHS = (
					"$(inherited)",
					"@executable_path/Frameworks",
					"@loader_path/Frameworks",
				);
				PRODUCT_BUNDLE_IDENTIFIER = mugx.GameOfLifeKataTests;
				PRODUCT_NAME = "$(TARGET_NAME)";
				TARGETED_DEVICE_FAMILY = "1,2";
				TEST_HOST = "$(BUILT_PRODUCTS_DIR)/GameOfLifeKata.app/GameOfLifeKata";
			};
			name = Debug;
		};
		1D998537245D6E9900C9A6FD /* Release */ = {
			isa = XCBuildConfiguration;
			buildSettings = {
				ALWAYS_EMBED_SWIFT_STANDARD_LIBRARIES = YES;
				BUNDLE_LOADER = "$(TEST_HOST)";
				CODE_SIGN_STYLE = Automatic;
				DEVELOPMENT_TEAM = 8XE9QV2E26;
				INFOPLIST_FILE = GameOfLifeKataTests/Resources/Info.plist;
				IPHONEOS_DEPLOYMENT_TARGET = 13.4;
				LD_RUNPATH_SEARCH_PATHS = (
					"$(inherited)",
					"@executable_path/Frameworks",
					"@loader_path/Frameworks",
				);
				PRODUCT_BUNDLE_IDENTIFIER = mugx.GameOfLifeKataTests;
				PRODUCT_NAME = "$(TARGET_NAME)";
				TARGETED_DEVICE_FAMILY = "1,2";
				TEST_HOST = "$(BUILT_PRODUCTS_DIR)/GameOfLifeKata.app/GameOfLifeKata";
			};
			name = Release;
		};
/* End XCBuildConfiguration section */

/* Begin XCConfigurationList section */
		1D99850E245D6E9700C9A6FD /* Build configuration list for PBXProject "GameOfLifeKata" */ = {
			isa = XCConfigurationList;
			buildConfigurations = (
				1D998530245D6E9900C9A6FD /* Debug */,
				1D998531245D6E9900C9A6FD /* Release */,
			);
			defaultConfigurationIsVisible = 0;
			defaultConfigurationName = Release;
		};
		1D998532245D6E9900C9A6FD /* Build configuration list for PBXNativeTarget "GameOfLifeKata" */ = {
			isa = XCConfigurationList;
			buildConfigurations = (
				1D998533245D6E9900C9A6FD /* Debug */,
				1D998534245D6E9900C9A6FD /* Release */,
			);
			defaultConfigurationIsVisible = 0;
			defaultConfigurationName = Release;
		};
		1D998535245D6E9900C9A6FD /* Build configuration list for PBXNativeTarget "GameOfLifeKataTests" */ = {
			isa = XCConfigurationList;
			buildConfigurations = (
				1D998536245D6E9900C9A6FD /* Debug */,
				1D998537245D6E9900C9A6FD /* Release */,
			);
			defaultConfigurationIsVisible = 0;
			defaultConfigurationName = Release;
		};
/* End XCConfigurationList section */
	};
	rootObject = 1D99850B245D6E9700C9A6FD /* Project object */;
}
